
Microsoft Visual Studio Solution File, Format Version 12.00
# Visual Studio 15
VisualStudioVersion = 15.0.28307.960
MinimumVisualStudioVersion = 10.0.40219.1
Project("{FAE04EC0-301F-11D3-BF4B-00C04F79EFBC}") = "ChameleonTest", "ChameleonTest\ChameleonTest.csproj", "{E8BF640D-8267-4BC0-A481-C4CDA1E6E2CC}"
EndProject
Global
	GlobalSection(SolutionConfigurationPlatforms) = preSolution
		Debug|Any CPU = Debug|Any CPU
		Release|Any CPU = Release|Any CPU
	EndGlobalSection
	GlobalSection(ProjectConfigurationPlatforms) = postSolution
		{E8BF640D-8267-4BC0-A481-C4CDA1E6E2CC}.Debug|Any CPU.ActiveCfg = Debug|Any CPU
		{E8BF640D-8267-4BC0-A481-C4CDA1E6E2CC}.Debug|Any CPU.Build.0 = Debug|Any CPU
		{E8BF640D-8267-4BC0-A481-C4CDA1E6E2CC}.Release|Any CPU.ActiveCfg = Release|Any CPU
		{E8BF640D-8267-4BC0-A481-C4CDA1E6E2CC}.Release|Any CPU.Build.0 = Release|Any CPU
	EndGlobalSection
	GlobalSection(SolutionProperties) = preSolution
		HideSolutionNode = FALSE
	EndGlobalSection
	GlobalSection(ExtensibilityGlobals) = postSolution
		SolutionGuid = {ED3D2E41-6C93-4AA7-AC62-3A3365C99CAE}
	EndGlobalSection
EndGlobal
